
Microsoft Visual Studio Solution File, Format Version 12.00
# Visual Studio 14
VisualStudioVersion = 14.0.25420.1
MinimumVisualStudioVersion = 10.0.40219.1
Project("{FAE04EC0-301F-11D3-BF4B-00C04F79EFBC}") = "QuanLyTaiSan_UserManagement", "QuanLyTaiSan_UserManagement\QuanLyTaiSan_UserManagement.csproj", "{DBBDA718-1B5D-487F-9283-48E390E5A9CC}"
EndProject
Project("{FAE04EC0-301F-11D3-BF4B-00C04F79EFBC}") = "DataAccess", "DataAccess\DataAccess.csproj", "{E3356BA5-5232-4E03-97E4-AF9E9081F676}"
EndProject
Project("{FAE04EC0-301F-11D3-BF4B-00C04F79EFBC}") = "Common", "Common\Common.csproj", "{DFE3CEC3-78C2-4ABC-AC64-177DEA2CC199}"
EndProject
Global
	GlobalSection(SolutionConfigurationPlatforms) = preSolution
		Debug|Any CPU = Debug|Any CPU
		Release|Any CPU = Release|Any CPU
	EndGlobalSection
	GlobalSection(ProjectConfigurationPlatforms) = postSolution
		{DBBDA718-1B5D-487F-9283-48E390E5A9CC}.Debug|Any CPU.ActiveCfg = Debug|Any CPU
		{DBBDA718-1B5D-487F-9283-48E390E5A9CC}.Debug|Any CPU.Build.0 = Debug|Any CPU
		{DBBDA718-1B5D-487F-9283-48E390E5A9CC}.Release|Any CPU.ActiveCfg = Release|Any CPU
		{DBBDA718-1B5D-487F-9283-48E390E5A9CC}.Release|Any CPU.Build.0 = Release|Any CPU
		{E3356BA5-5232-4E03-97E4-AF9E9081F676}.Debug|Any CPU.ActiveCfg = Debug|Any CPU
		{E3356BA5-5232-4E03-97E4-AF9E9081F676}.Debug|Any CPU.Build.0 = Debug|Any CPU
		{E3356BA5-5232-4E03-97E4-AF9E9081F676}.Release|Any CPU.ActiveCfg = Release|Any CPU
		{E3356BA5-5232-4E03-97E4-AF9E9081F676}.Release|Any CPU.Build.0 = Release|Any CPU
		{DFE3CEC3-78C2-4ABC-AC64-177DEA2CC199}.Debug|Any CPU.ActiveCfg = Debug|Any CPU
		{DFE3CEC3-78C2-4ABC-AC64-177DEA2CC199}.Debug|Any CPU.Build.0 = Debug|Any CPU
		{DFE3CEC3-78C2-4ABC-AC64-177DEA2CC199}.Release|Any CPU.ActiveCfg = Release|Any CPU
		{DFE3CEC3-78C2-4ABC-AC64-177DEA2CC199}.Release|Any CPU.Build.0 = Release|Any CPU
	EndGlobalSection
	GlobalSection(SolutionProperties) = preSolution
		HideSolutionNode = FALSE
	EndGlobalSection
	GlobalSection(ExtensibilityGlobals) = postSolution
		SolutionGuid = {DBBE4F68-1A8F-4F7B-8636-C53D320A96D1}
	EndGlobalSection
EndGlobal
